
Microsoft Visual Studio Solution File, Format Version 12.00
# Visual Studio Version 17
VisualStudioVersion = 17.7.34221.43
MinimumVisualStudioVersion = 10.0.40219.1
Project("{FAE04EC0-301F-11D3-BF4B-00C04F79EFBC}") = "assignment 2-p-2", "assignment 2-p-2\assignment 2-p-2.csproj", "{F24441C2-8169-40D2-BFBC-95CB6ECD18CD}"
EndProject
Global
	GlobalSection(SolutionConfigurationPlatforms) = preSolution
		Debug|Any CPU = Debug|Any CPU
		Release|Any CPU = Release|Any CPU
	EndGlobalSection
	GlobalSection(ProjectConfigurationPlatforms) = postSolution
		{F24441C2-8169-40D2-BFBC-95CB6ECD18CD}.Debug|Any CPU.ActiveCfg = Debug|Any CPU
		{F24441C2-8169-40D2-BFBC-95CB6ECD18CD}.Debug|Any CPU.Build.0 = Debug|Any CPU
		{F24441C2-8169-40D2-BFBC-95CB6ECD18CD}.Release|Any CPU.ActiveCfg = Release|Any CPU
		{F24441C2-8169-40D2-BFBC-95CB6ECD18CD}.Release|Any CPU.Build.0 = Release|Any CPU
	EndGlobalSection
	GlobalSection(SolutionProperties) = preSolution
		HideSolutionNode = FALSE
	EndGlobalSection
	GlobalSection(ExtensibilityGlobals) = postSolution
		SolutionGuid = {3A2636C9-CA34-4B5B-A112-7607C7B5ECE4}
	EndGlobalSection
EndGlobal
